
Microsoft Visual Studio Solution File, Format Version 12.00
# Visual Studio Version 17
VisualStudioVersion = 17.9.34622.214
MinimumVisualStudioVersion = 10.0.40219.1
Project("{FAE04EC0-301F-11D3-BF4B-00C04F79EFBC}") = "Agrumy.Shared", "Agrumy.Shared\Agrumy.Shared.csproj", "{109DDAC2-F896-449A-A7CE-53FDD5453F74}"
EndProject
Project("{FAE04EC0-301F-11D3-BF4B-00C04F79EFBC}") = "Agrumy.Api", "Agrumy.Api\Agrumy.Api.csproj", "{B4630935-0599-488C-9763-A2C08930654E}"
EndProject
Project("{FAE04EC0-301F-11D3-BF4B-00C04F79EFBC}") = "Agrumy.Web", "Agrumy.Web\Agrumy.Web.csproj", "{0F6B2B7B-9D08-4FFC-A7C0-2EFD70C4EB7D}"
EndProject
Global
	GlobalSection(SolutionConfigurationPlatforms) = preSolution
		Debug|Any CPU = Debug|Any CPU
		Debug|x64 = Debug|x64
		Debug|x86 = Debug|x86
		Release|Any CPU = Release|Any CPU
		Release|x64 = Release|x64
		Release|x86 = Release|x86
	EndGlobalSection
	GlobalSection(ProjectConfigurationPlatforms) = postSolution
		{109DDAC2-F896-449A-A7CE-53FDD5453F74}.Debug|Any CPU.ActiveCfg = Debug|Any CPU
		{109DDAC2-F896-449A-A7CE-53FDD5453F74}.Debug|Any CPU.Build.0 = Debug|Any CPU
		{109DDAC2-F896-449A-A7CE-53FDD5453F74}.Debug|x64.ActiveCfg = Debug|Any CPU
		{109DDAC2-F896-449A-A7CE-53FDD5453F74}.Debug|x64.Build.0 = Debug|Any CPU
		{109DDAC2-F896-449A-A7CE-53FDD5453F74}.Debug|x86.ActiveCfg = Debug|Any CPU
		{109DDAC2-F896-449A-A7CE-53FDD5453F74}.Debug|x86.Build.0 = Debug|Any CPU
		{109DDAC2-F896-449A-A7CE-53FDD5453F74}.Release|Any CPU.ActiveCfg = Release|Any CPU
		{109DDAC2-F896-449A-A7CE-53FDD5453F74}.Release|Any CPU.Build.0 = Release|Any CPU
		{109DDAC2-F896-449A-A7CE-53FDD5453F74}.Release|x64.ActiveCfg = Release|Any CPU
		{109DDAC2-F896-449A-A7CE-53FDD5453F74}.Release|x64.Build.0 = Release|Any CPU
		{109DDAC2-F896-449A-A7CE-53FDD5453F74}.Release|x86.ActiveCfg = Release|Any CPU
		{109DDAC2-F896-449A-A7CE-53FDD5453F74}.Release|x86.Build.0 = Release|Any CPU
		{B4630935-0599-488C-9763-A2C08930654E}.Debug|Any CPU.ActiveCfg = Debug|Any CPU
		{B4630935-0599-488C-9763-A2C08930654E}.Debug|Any CPU.Build.0 = Debug|Any CPU
		{B4630935-0599-488C-9763-A2C08930654E}.Debug|x64.ActiveCfg = Debug|Any CPU
		{B4630935-0599-488C-9763-A2C08930654E}.Debug|x64.Build.0 = Debug|Any CPU
		{B4630935-0599-488C-9763-A2C08930654E}.Debug|x86.ActiveCfg = Debug|Any CPU
		{B4630935-0599-488C-9763-A2C08930654E}.Debug|x86.Build.0 = Debug|Any CPU
		{B4630935-0599-488C-9763-A2C08930654E}.Release|Any CPU.ActiveCfg = Release|Any CPU
		{B4630935-0599-488C-9763-A2C08930654E}.Release|Any CPU.Build.0 = Release|Any CPU
		{B4630935-0599-488C-9763-A2C08930654E}.Release|x64.ActiveCfg = Release|Any CPU
		{B4630935-0599-488C-9763-A2C08930654E}.Release|x64.Build.0 = Release|Any CPU
		{B4630935-0599-488C-9763-A2C08930654E}.Release|x86.ActiveCfg = Release|Any CPU
		{B4630935-0599-488C-9763-A2C08930654E}.Release|x86.Build.0 = Release|Any CPU
		{0F6B2B7B-9D08-4FFC-A7C0-2EFD70C4EB7D}.Debug|Any CPU.ActiveCfg = Debug|Any CPU
		{0F6B2B7B-9D08-4FFC-A7C0-2EFD70C4EB7D}.Debug|Any CPU.Build.0 = Debug|Any CPU
		{0F6B2B7B-9D08-4FFC-A7C0-2EFD70C4EB7D}.Debug|x64.ActiveCfg = Debug|Any CPU
		{0F6B2B7B-9D08-4FFC-A7C0-2EFD70C4EB7D}.Debug|x64.Build.0 = Debug|Any CPU
		{0F6B2B7B-9D08-4FFC-A7C0-2EFD70C4EB7D}.Debug|x86.ActiveCfg = Debug|Any CPU
		{0F6B2B7B-9D08-4FFC-A7C0-2EFD70C4EB7D}.Debug|x86.Build.0 = Debug|Any CPU
		{0F6B2B7B-9D08-4FFC-A7C0-2EFD70C4EB7D}.Release|Any CPU.ActiveCfg = Release|Any CPU
		{0F6B2B7B-9D08-4FFC-A7C0-2EFD70C4EB7D}.Release|Any CPU.Build.0 = Release|Any CPU
		{0F6B2B7B-9D08-4FFC-A7C0-2EFD70C4EB7D}.Release|x64.ActiveCfg = Release|Any CPU
		{0F6B2B7B-9D08-4FFC-A7C0-2EFD70C4EB7D}.Release|x64.Build.0 = Release|Any CPU
		{0F6B2B7B-9D08-4FFC-A7C0-2EFD70C4EB7D}.Release|x86.ActiveCfg = Release|Any CPU
		{0F6B2B7B-9D08-4FFC-A7C0-2EFD70C4EB7D}.Release|x86.Build.0 = Release|Any CPU
	EndGlobalSection
	GlobalSection(SolutionProperties) = preSolution
		HideSolutionNode = FALSE
	EndGlobalSection
	GlobalSection(ExtensibilityGlobals) = postSolution
		SolutionGuid = {1993BD83-8FDD-4397-B1F6-4EC63949F33A}
	EndGlobalSection
EndGlobal
